// !$*UTF8*$!
{
	archiveVersion = 1;
	classes = {
	};
	objectVersion = 77;
	objects = {

/* Begin PBXContainerItemProxy section */
		F688DFDB2D9143CD006AE413 /* PBXContainerItemProxy */ = {
			isa = PBXContainerItemProxy;
			containerPortal = F688DFC22D9143CB006AE413 /* Project object */;
			proxyType = 1;
			remoteGlobalIDString = F688DFC92D9143CB006AE413;
			remoteInfo = cursor_19;
		};
		F688DFE52D9143CD006AE413 /* PBXContainerItemProxy */ = {
			isa = PBXContainerItemProxy;
			containerPortal = F688DFC22D9143CB006AE413 /* Project object */;
			proxyType = 1;
			remoteGlobalIDString = F688DFC92D9143CB006AE413;
			remoteInfo = cursor_19;
		};
/* End PBXContainerItemProxy section */

/* Begin PBXFileReference section */
		F688DFCA2D9143CB006AE413 /* cursor_19.app */ = {isa = PBXFileReference; explicitFileType = wrapper.application; includeInIndex = 0; path = cursor_19.app; sourceTree = BUILT_PRODUCTS_DIR; };
		F688DFDA2D9143CD006AE413 /* cursor_19Tests.xctest */ = {isa = PBXFileReference; explicitFileType = wrapper.cfbundle; includeInIndex = 0; path = cursor_19Tests.xctest; sourceTree = BUILT_PRODUCTS_DIR; };
		F688DFE42D9143CD006AE413 /* cursor_19UITests.xctest */ = {isa = PBXFileReference; explicitFileType = wrapper.cfbundle; includeInIndex = 0; path = cursor_19UITests.xctest; sourceTree = BUILT_PRODUCTS_DIR; };
/* End PBXFileReference section */

/* Begin PBXFileSystemSynchronizedRootGroup section */
		F688DFCC2D9143CB006AE413 /* cursor_19 */ = {
			isa = PBXFileSystemSynchronizedRootGroup;
			path = cursor_19;
			sourceTree = "<group>";
		};
		F688DFDD2D9143CD006AE413 /* cursor_19Tests */ = {
			isa = PBXFileSystemSynchronizedRootGroup;
			path = cursor_19Tests;
			sourceTree = "<group>";
		};
		F688DFE72D9143CD006AE413 /* cursor_19UITests */ = {
			isa = PBXFileSystemSynchronizedRootGroup;
			path = cursor_19UITests;
			sourceTree = "<group>";
		};
/* End PBXFileSystemSynchronizedRootGroup section */

/* Begin PBXFrameworksBuildPhase section */
		F688DFC72D9143CB006AE413 /* Frameworks */ = {
			isa = PBXFrameworksBuildPhase;
			buildActionMask = 2147483647;
			files = (
			);
			runOnlyForDeploymentPostprocessing = 0;
		};
		F688DFD72D9143CD006AE413 /* Frameworks */ = {
			isa = PBXFrameworksBuildPhase;
			buildActionMask = 2147483647;
			files = (
			);
			runOnlyForDeploymentPostprocessing = 0;
		};
		F688DFE12D9143CD006AE413 /* Frameworks */ = {
			isa = PBXFrameworksBuildPhase;
			buildActionMask = 2147483647;
			files = (
			);
			runOnlyForDeploymentPostprocessing = 0;
		};
/* End PBXFrameworksBuildPhase section */

/* Begin PBXGroup section */
		F688DFC12D9143CB006AE413 = {
			isa = PBXGroup;
			children = (
				F688DFCC2D9143CB006AE413 /* cursor_19 */,
				F688DFDD2D9143CD006AE413 /* cursor_19Tests */,
				F688DFE72D9143CD006AE413 /* cursor_19UITests */,
				F688DFCB2D9143CB006AE413 /* Products */,
			);
			sourceTree = "<group>";
		};
		F688DFCB2D9143CB006AE413 /* Products */ = {
			isa = PBXGroup;
			children = (
				F688DFCA2D9143CB006AE413 /* cursor_19.app */,
				F688DFDA2D9143CD006AE413 /* cursor_19Tests.xctest */,
				F688DFE42D9143CD006AE413 /* cursor_19UITests.xctest */,
			);
			name = Products;
			sourceTree = "<group>";
		};
/* End PBXGroup section */

/* Begin PBXNativeTarget section */
		F688DFC92D9143CB006AE413 /* cursor_19 */ = {
			isa = PBXNativeTarget;
			buildConfigurationList = F688DFEE2D9143CD006AE413 /* Build configuration list for PBXNativeTarget "cursor_19" */;
			buildPhases = (
				F688DFC62D9143CB006AE413 /* Sources */,
				F688DFC72D9143CB006AE413 /* Frameworks */,
				F688DFC82D9143CB006AE413 /* Resources */,
			);
			buildRules = (
			);
			dependencies = (
			);
			fileSystemSynchronizedGroups = (
				F688DFCC2D9143CB006AE413 /* cursor_19 */,
			);
			name = cursor_19;
			packageProductDependencies = (
			);
			productName = cursor_19;
			productReference = F688DFCA2D9143CB006AE413 /* cursor_19.app */;
			productType = "com.apple.product-type.application";
		};
		F688DFD92D9143CD006AE413 /* cursor_19Tests */ = {
			isa = PBXNativeTarget;
			buildConfigurationList = F688DFF12D9143CD006AE413 /* Build configuration list for PBXNativeTarget "cursor_19Tests" */;
			buildPhases = (
				F688DFD62D9143CD006AE413 /* Sources */,
				F688DFD72D9143CD006AE413 /* Frameworks */,
				F688DFD82D9143CD006AE413 /* Resources */,
			);
			buildRules = (
			);
			dependencies = (
				F688DFDC2D9143CD006AE413 /* PBXTargetDependency */,
			);
			fileSystemSynchronizedGroups = (
				F688DFDD2D9143CD006AE413 /* cursor_19Tests */,
			);
			name = cursor_19Tests;
			packageProductDependencies = (
			);
			productName = cursor_19Tests;
			productReference = F688DFDA2D9143CD006AE413 /* cursor_19Tests.xctest */;
			productType = "com.apple.product-type.bundle.unit-test";
		};
		F688DFE32D9143CD006AE413 /* cursor_19UITests */ = {
			isa = PBXNativeTarget;
			buildConfigurationList = F688DFF42D9143CD006AE413 /* Build configuration list for PBXNativeTarget "cursor_19UITests" */;
			buildPhases = (
				F688DFE02D9143CD006AE413 /* Sources */,
				F688DFE12D9143CD006AE413 /* Frameworks */,
				F688DFE22D9143CD006AE413 /* Resources */,
			);
			buildRules = (
			);
			dependencies = (
				F688DFE62D9143CD006AE413 /* PBXTargetDependency */,
			);
			fileSystemSynchronizedGroups = (
				F688DFE72D9143CD006AE413 /* cursor_19UITests */,
			);
			name = cursor_19UITests;
			packageProductDependencies = (
			);
			productName = cursor_19UITests;
			productReference = F688DFE42D9143CD006AE413 /* cursor_19UITests.xctest */;
			productType = "com.apple.product-type.bundle.ui-testing";
		};
/* End PBXNativeTarget section */

/* Begin PBXProject section */
		F688DFC22D9143CB006AE413 /* Project object */ = {
			isa = PBXProject;
			attributes = {
				BuildIndependentTargetsInParallel = 1;
				LastSwiftUpdateCheck = 1620;
				LastUpgradeCheck = 1620;
				TargetAttributes = {
					F688DFC92D9143CB006AE413 = {
						CreatedOnToolsVersion = 16.2;
					};
					F688DFD92D9143CD006AE413 = {
						CreatedOnToolsVersion = 16.2;
						TestTargetID = F688DFC92D9143CB006AE413;
					};
					F688DFE32D9143CD006AE413 = {
						CreatedOnToolsVersion = 16.2;
						TestTargetID = F688DFC92D9143CB006AE413;
					};
				};
			};
			buildConfigurationList = F688DFC52D9143CB006AE413 /* Build configuration list for PBXProject "cursor_19" */;
			developmentRegion = en;
			hasScannedForEncodings = 0;
			knownRegions = (
				en,
				Base,
			);
			mainGroup = F688DFC12D9143CB006AE413;
			minimizedProjectReferenceProxies = 1;
			preferredProjectObjectVersion = 77;
			productRefGroup = F688DFCB2D9143CB006AE413 /* Products */;
			projectDirPath = "";
			projectRoot = "";
			targets = (
				F688DFC92D9143CB006AE413 /* cursor_19 */,
				F688DFD92D9143CD006AE413 /* cursor_19Tests */,
				F688DFE32D9143CD006AE413 /* cursor_19UITests */,
			);
		};
/* End PBXProject section */

/* Begin PBXResourcesBuildPhase section */
		F688DFC82D9143CB006AE413 /* Resources */ = {
			isa = PBXResourcesBuildPhase;
			buildActionMask = 2147483647;
			files = (
			);
			runOnlyForDeploymentPostprocessing = 0;
		};
		F688DFD82D9143CD006AE413 /* Resources */ = {
			isa = PBXResourcesBuildPhase;
			buildActionMask = 2147483647;
			files = (
			);
			runOnlyForDeploymentPostprocessing = 0;
		};
		F688DFE22D9143CD006AE413 /* Resources */ = {
			isa = PBXResourcesBuildPhase;
			buildActionMask = 2147483647;
			files = (
			);
			runOnlyForDeploymentPostprocessing = 0;
		};
/* End PBXResourcesBuildPhase section */

/* Begin PBXSourcesBuildPhase section */
		F688DFC62D9143CB006AE413 /* Sources */ = {
			isa = PBXSourcesBuildPhase;
			buildActionMask = 2147483647;
			files = (
			);
			runOnlyForDeploymentPostprocessing = 0;
		};
		F688DFD62D9143CD006AE413 /* Sources */ = {
			isa = PBXSourcesBuildPhase;
			buildActionMask = 2147483647;
			files = (
			);
			runOnlyForDeploymentPostprocessing = 0;
		};
		F688DFE02D9143CD006AE413 /* Sources */ = {
			isa = PBXSourcesBuildPhase;
			buildActionMask = 2147483647;
			files = (
			);
			runOnlyForDeploymentPostprocessing = 0;
		};
/* End PBXSourcesBuildPhase section */

/* Begin PBXTargetDependency section */
		F688DFDC2D9143CD006AE413 /* PBXTargetDependency */ = {
			isa = PBXTargetDependency;
			target = F688DFC92D9143CB006AE413 /* cursor_19 */;
			targetProxy = F688DFDB2D9143CD006AE413 /* PBXContainerItemProxy */;
		};
		F688DFE62D9143CD006AE413 /* PBXTargetDependency */ = {
			isa = PBXTargetDependency;
			target = F688DFC92D9143CB006AE413 /* cursor_19 */;
			targetProxy = F688DFE52D9143CD006AE413 /* PBXContainerItemProxy */;
		};
/* End PBXTargetDependency section */

/* Begin XCBuildConfiguration section */
		F688DFEC2D9143CD006AE413 /* Debug */ = {
			isa = XCBuildConfiguration;
			buildSettings = {
				ALWAYS_SEARCH_USER_PATHS = NO;
				ASSETCATALOG_COMPILER_GENERATE_SWIFT_ASSET_SYMBOL_EXTENSIONS = YES;
				CLANG_ANALYZER_NONNULL = YES;
				CLANG_ANALYZER_NUMBER_OBJECT_CONVERSION = YES_AGGRESSIVE;
				CLANG_CXX_LANGUAGE_STANDARD = "gnu++20";
				CLANG_ENABLE_MODULES = YES;
				CLANG_ENABLE_OBJC_ARC = YES;
				CLANG_ENABLE_OBJC_WEAK = YES;
				CLANG_WARN_BLOCK_CAPTURE_AUTORELEASING = YES;
				CLANG_WARN_BOOL_CONVERSION = YES;
				CLANG_WARN_COMMA = YES;
				CLANG_WARN_CONSTANT_CONVERSION = YES;
				CLANG_WARN_DEPRECATED_OBJC_IMPLEMENTATIONS = YES;
				CLANG_WARN_DIRECT_OBJC_ISA_USAGE = YES_ERROR;
				CLANG_WARN_DOCUMENTATION_COMMENTS = YES;
				CLANG_WARN_EMPTY_BODY = YES;
				CLANG_WARN_ENUM_CONVERSION = YES;
				CLANG_WARN_INFINITE_RECURSION = YES;
				CLANG_WARN_INT_CONVERSION = YES;
				CLANG_WARN_NON_LITERAL_NULL_CONVERSION = YES;
				CLANG_WARN_OBJC_IMPLICIT_RETAIN_SELF = YES;
				CLANG_WARN_OBJC_LITERAL_CONVERSION = YES;
				CLANG_WARN_OBJC_ROOT_CLASS = YES_ERROR;
				CLANG_WARN_QUOTED_INCLUDE_IN_FRAMEWORK_HEADER = YES;
				CLANG_WARN_RANGE_LOOP_ANALYSIS = YES;
				CLANG_WARN_STRICT_PROTOTYPES = YES;
				CLANG_WARN_SUSPICIOUS_MOVE = YES;
				CLANG_WARN_UNGUARDED_AVAILABILITY = YES_AGGRESSIVE;
				CLANG_WARN_UNREACHABLE_CODE = YES;
				CLANG_WARN__DUPLICATE_METHOD_MATCH = YES;
				COPY_PHASE_STRIP = NO;
				DEBUG_INFORMATION_FORMAT = dwarf;
				ENABLE_STRICT_OBJC_MSGSEND = YES;
				ENABLE_TESTABILITY = YES;
				ENABLE_USER_SCRIPT_SANDBOXING = YES;
				GCC_C_LANGUAGE_STANDARD = gnu17;
				GCC_DYNAMIC_NO_PIC = NO;
				GCC_NO_COMMON_BLOCKS = YES;
				GCC_OPTIMIZATION_LEVEL = 0;
				GCC_PREPROCESSOR_DEFINITIONS = (
					"DEBUG=1",
					"$(inherited)",
				);
				GCC_WARN_64_TO_32_BIT_CONVERSION = YES;
				GCC_WARN_ABOUT_RETURN_TYPE = YES_ERROR;
				GCC_WARN_UNDECLARED_SELECTOR = YES;
				GCC_WARN_UNINITIALIZED_AUTOS = YES_AGGRESSIVE;
				GCC_WARN_UNUSED_FUNCTION = YES;
				GCC_WARN_UNUSED_VARIABLE = YES;
				IPHONEOS_DEPLOYMENT_TARGET = 18.2;
				LOCALIZATION_PREFERS_STRING_CATALOGS = YES;
				MTL_ENABLE_DEBUG_INFO = INCLUDE_SOURCE;
				MTL_FAST_MATH = YES;
				ONLY_ACTIVE_ARCH = YES;
				SDKROOT = iphoneos;
				SWIFT_ACTIVE_COMPILATION_CONDITIONS = "DEBUG $(inherited)";
				SWIFT_OPTIMIZATION_LEVEL = "-Onone";
			};
			name = Debug;
		};
		F688DFED2D9143CD006AE413 /* Release */ = {
			isa = XCBuildConfiguration;
			buildSettings = {
				ALWAYS_SEARCH_USER_PATHS = NO;
				ASSETCATALOG_COMPILER_GENERATE_SWIFT_ASSET_SYMBOL_EXTENSIONS = YES;
				CLANG_ANALYZER_NONNULL = YES;
				CLANG_ANALYZER_NUMBER_OBJECT_CONVERSION = YES_AGGRESSIVE;
				CLANG_CXX_LANGUAGE_STANDARD = "gnu++20";
				CLANG_ENABLE_MODULES = YES;
				CLANG_ENABLE_OBJC_ARC = YES;
				CLANG_ENABLE_OBJC_WEAK = YES;
				CLANG_WARN_BLOCK_CAPTURE_AUTORELEASING = YES;
				CLANG_WARN_BOOL_CONVERSION = YES;
				CLANG_WARN_COMMA = YES;
				CLANG_WARN_CONSTANT_CONVERSION = YES;
				CLANG_WARN_DEPRECATED_OBJC_IMPLEMENTATIONS = YES;
				CLANG_WARN_DIRECT_OBJC_ISA_USAGE = YES_ERROR;
				CLANG_WARN_DOCUMENTATION_COMMENTS = YES;
				CLANG_WARN_EMPTY_BODY = YES;
				CLANG_WARN_ENUM_CONVERSION = YES;
				CLANG_WARN_INFINITE_RECURSION = YES;
				CLANG_WARN_INT_CONVERSION = YES;
				CLANG_WARN_NON_LITERAL_NULL_CONVERSION = YES;
				CLANG_WARN_OBJC_IMPLICIT_RETAIN_SELF = YES;
				CLANG_WARN_OBJC_LITERAL_CONVERSION = YES;
				CLANG_WARN_OBJC_ROOT_CLASS = YES_ERROR;
				CLANG_WARN_QUOTED_INCLUDE_IN_FRAMEWORK_HEADER = YES;
				CLANG_WARN_RANGE_LOOP_ANALYSIS = YES;
				CLANG_WARN_STRICT_PROTOTYPES = YES;
				CLANG_WARN_SUSPICIOUS_MOVE = YES;
				CLANG_WARN_UNGUARDED_AVAILABILITY = YES_AGGRESSIVE;
				CLANG_WARN_UNREACHABLE_CODE = YES;
				CLANG_WARN__DUPLICATE_METHOD_MATCH = YES;
				COPY_PHASE_STRIP = NO;
				DEBUG_INFORMATION_FORMAT = "dwarf-with-dsym";
				ENABLE_NS_ASSERTIONS = NO;
				ENABLE_STRICT_OBJC_MSGSEND = YES;
				ENABLE_USER_SCRIPT_SANDBOXING = YES;
				GCC_C_LANGUAGE_STANDARD = gnu17;
				GCC_NO_COMMON_BLOCKS = YES;
				GCC_WARN_64_TO_32_BIT_CONVERSION = YES;
				GCC_WARN_ABOUT_RETURN_TYPE = YES_ERROR;
				GCC_WARN_UNDECLARED_SELECTOR = YES;
				GCC_WARN_UNINITIALIZED_AUTOS = YES_AGGRESSIVE;
				GCC_WARN_UNUSED_FUNCTION = YES;
				GCC_WARN_UNUSED_VARIABLE = YES;
				IPHONEOS_DEPLOYMENT_TARGET = 18.2;
				LOCALIZATION_PREFERS_STRING_CATALOGS = YES;
				MTL_ENABLE_DEBUG_INFO = NO;
				MTL_FAST_MATH = YES;
				SDKROOT = iphoneos;
				SWIFT_COMPILATION_MODE = wholemodule;
				VALIDATE_PRODUCT = YES;
			};
			name = Release;
		};
		F688DFEF2D9143CD006AE413 /* Debug */ = {
			isa = XCBuildConfiguration;
			buildSettings = {
				ASSETCATALOG_COMPILER_APPICON_NAME = AppIcon;
				ASSETCATALOG_COMPILER_GLOBAL_ACCENT_COLOR_NAME = AccentColor;
				CODE_SIGN_STYLE = Automatic;
				CURRENT_PROJECT_VERSION = 1;
				DEVELOPMENT_ASSET_PATHS = "\"cursor_19/Preview Content\"";
				DEVELOPMENT_TEAM = 2D85TKC5YT;
				ENABLE_PREVIEWS = YES;
				GENERATE_INFOPLIST_FILE = YES;
				INFOPLIST_KEY_UIApplicationSceneManifest_Generation = YES;
				INFOPLIST_KEY_UIApplicationSupportsIndirectInputEvents = YES;
				INFOPLIST_KEY_UILaunchScreen_Generation = YES;
				INFOPLIST_KEY_NSCameraUsageDescription = "This app needs camera access to perform face liveness detection.";
				INFOPLIST_KEY_UISupportedInterfaceOrientations_iPad = "UIInterfaceOrientationPortrait UIInterfaceOrientationPortraitUpsideDown UIInterfaceOrientationLandscapeLeft UIInterfaceOrientationLandscapeRight";
				INFOPLIST_KEY_UISupportedInterfaceOrientations_iPhone = "UIInterfaceOrientationPortrait UIInterfaceOrientationLandscapeLeft UIInterfaceOrientationLandscapeRight";
				LD_RUNPATH_SEARCH_PATHS = (
					"$(inherited)",
					"@executable_path/Frameworks",
				);
				MARKETING_VERSION = 1.0;
				PRODUCT_BUNDLE_IDENTIFIER = "name.jasonreid.cursor-19";
				PRODUCT_NAME = "$(TARGET_NAME)";
				SWIFT_EMIT_LOC_STRINGS = YES;
				SWIFT_VERSION = 5.0;
				TARGETED_DEVICE_FAMILY = "1,2";
			};
			name = Debug;
		};
		F688DFF02D9143CD006AE413 /* Release */ = {
			isa = XCBuildConfiguration;
			buildSettings = {
				ASSETCATALOG_COMPILER_APPICON_NAME = AppIcon;
				ASSETCATALOG_COMPILER_GLOBAL_ACCENT_COLOR_NAME = AccentColor;
				CODE_SIGN_STYLE = Automatic;
				CURRENT_PROJECT_VERSION = 1;
				DEVELOPMENT_ASSET_PATHS = "\"cursor_19/Preview Content\"";
				DEVELOPMENT_TEAM = 2D85TKC5YT;
				ENABLE_PREVIEWS = YES;
				GENERATE_INFOPLIST_FILE = YES;
				INFOPLIST_KEY_UIApplicationSceneManifest_Generation = YES;
				INFOPLIST_KEY_UIApplicationSupportsIndirectInputEvents = YES;
				INFOPLIST_KEY_UILaunchScreen_Generation = YES;
				INFOPLIST_KEY_NSCameraUsageDescription = "This app needs camera access to perform face liveness detection.";
				INFOPLIST_KEY_UISupportedInterfaceOrientations_iPad = "UIInterfaceOrientationPortrait UIInterfaceOrientationPortraitUpsideDown UIInterfaceOrientationLandscapeLeft UIInterfaceOrientationLandscapeRight";
				INFOPLIST_KEY_UISupportedInterfaceOrientations_iPhone = "UIInterfaceOrientationPortrait UIInterfaceOrientationLandscapeLeft UIInterfaceOrientationLandscapeRight";
				LD_RUNPATH_SEARCH_PATHS = (
					"$(inherited)",
					"@executable_path/Frameworks",
				);
				MARKETING_VERSION = 1.0;
				PRODUCT_BUNDLE_IDENTIFIER = "name.jasonreid.cursor-19";
				PRODUCT_NAME = "$(TARGET_NAME)";
				SWIFT_EMIT_LOC_STRINGS = YES;
				SWIFT_VERSION = 5.0;
				TARGETED_DEVICE_FAMILY = "1,2";
			};
			name = Release;
		};
		F688DFF22D9143CD006AE413 /* Debug */ = {
			isa = XCBuildConfiguration;
			buildSettings = {
				BUNDLE_LOADER = "$(TEST_HOST)";
				CODE_SIGN_STYLE = Automatic;
				CURRENT_PROJECT_VERSION = 1;
				DEVELOPMENT_TEAM = 2D85TKC5YT;
				GENERATE_INFOPLIST_FILE = YES;
				IPHONEOS_DEPLOYMENT_TARGET = 18.2;
				MARKETING_VERSION = 1.0;
				PRODUCT_BUNDLE_IDENTIFIER = "name.jasonreid.cursor-19Tests";
				PRODUCT_NAME = "$(TARGET_NAME)";
				SWIFT_EMIT_LOC_STRINGS = NO;
				SWIFT_VERSION = 5.0;
				TARGETED_DEVICE_FAMILY = "1,2";
				TEST_HOST = "$(BUILT_PRODUCTS_DIR)/cursor_19.app/$(BUNDLE_EXECUTABLE_FOLDER_PATH)/cursor_19";
			};
			name = Debug;
		};
		F688DFF32D9143CD006AE413 /* Release */ = {
			isa = XCBuildConfiguration;
			buildSettings = {
				BUNDLE_LOADER = "$(TEST_HOST)";
				CODE_SIGN_STYLE = Automatic;
				CURRENT_PROJECT_VERSION = 1;
				DEVELOPMENT_TEAM = 2D85TKC5YT;
				GENERATE_INFOPLIST_FILE = YES;
				IPHONEOS_DEPLOYMENT_TARGET = 18.2;
				MARKETING_VERSION = 1.0;
				PRODUCT_BUNDLE_IDENTIFIER = "name.jasonreid.cursor-19Tests";
				PRODUCT_NAME = "$(TARGET_NAME)";
				SWIFT_EMIT_LOC_STRINGS = NO;
				SWIFT_VERSION = 5.0;
				TARGETED_DEVICE_FAMILY = "1,2";
				TEST_HOST = "$(BUILT_PRODUCTS_DIR)/cursor_19.app/$(BUNDLE_EXECUTABLE_FOLDER_PATH)/cursor_19";
			};
			name = Release;
		};
		F688DFF52D9143CD006AE413 /* Debug */ = {
			isa = XCBuildConfiguration;
			buildSettings = {
				CODE_SIGN_STYLE = Automatic;
				CURRENT_PROJECT_VERSION = 1;
				DEVELOPMENT_TEAM = 2D85TKC5YT;
				GENERATE_INFOPLIST_FILE = YES;
				MARKETING_VERSION = 1.0;
				PRODUCT_BUNDLE_IDENTIFIER = "name.jasonreid.cursor-19UITests";
				PRODUCT_NAME = "$(TARGET_NAME)";
				SWIFT_EMIT_LOC_STRINGS = NO;
				SWIFT_VERSION = 5.0;
				TARGETED_DEVICE_FAMILY = "1,2";
				TEST_TARGET_NAME = cursor_19;
			};
			name = Debug;
		};
		F688DFF62D9143CD006AE413 /* Release */ = {
			isa = XCBuildConfiguration;
			buildSettings = {
				CODE_SIGN_STYLE = Automatic;
				CURRENT_PROJECT_VERSION = 1;
				DEVELOPMENT_TEAM = 2D85TKC5YT;
				GENERATE_INFOPLIST_FILE = YES;
				MARKETING_VERSION = 1.0;
				PRODUCT_BUNDLE_IDENTIFIER = "name.jasonreid.cursor-19UITests";
				PRODUCT_NAME = "$(TARGET_NAME)";
				SWIFT_EMIT_LOC_STRINGS = NO;
				SWIFT_VERSION = 5.0;
				TARGETED_DEVICE_FAMILY = "1,2";
				TEST_TARGET_NAME = cursor_19;
			};
			name = Release;
		};
/* End XCBuildConfiguration section */

/* Begin XCConfigurationList section */
		F688DFC52D9143CB006AE413 /* Build configuration list for PBXProject "cursor_19" */ = {
			isa = XCConfigurationList;
			buildConfigurations = (
				F688DFEC2D9143CD006AE413 /* Debug */,
				F688DFED2D9143CD006AE413 /* Release */,
			);
			defaultConfigurationIsVisible = 0;
			defaultConfigurationName = Release;
		};
		F688DFEE2D9143CD006AE413 /* Build configuration list for PBXNativeTarget "cursor_19" */ = {
			isa = XCConfigurationList;
			buildConfigurations = (
				F688DFEF2D9143CD006AE413 /* Debug */,
				F688DFF02D9143CD006AE413 /* Release */,
			);
			defaultConfigurationIsVisible = 0;
			defaultConfigurationName = Release;
		};
		F688DFF12D9143CD006AE413 /* Build configuration list for PBXNativeTarget "cursor_19Tests" */ = {
			isa = XCConfigurationList;
			buildConfigurations = (
				F688DFF22D9143CD006AE413 /* Debug */,
				F688DFF32D9143CD006AE413 /* Release */,
			);
			defaultConfigurationIsVisible = 0;
			defaultConfigurationName = Release;
		};
		F688DFF42D9143CD006AE413 /* Build configuration list for PBXNativeTarget "cursor_19UITests" */ = {
			isa = XCConfigurationList;
			buildConfigurations = (
				F688DFF52D9143CD006AE413 /* Debug */,
				F688DFF62D9143CD006AE413 /* Release */,
			);
			defaultConfigurationIsVisible = 0;
			defaultConfigurationName = Release;
		};
/* End XCConfigurationList section */
	};
	rootObject = F688DFC22D9143CB006AE413 /* Project object */;
}
